github.com/oneplus1000/pkcs7 v0.0.1 h1:VdW08Bd4YLLdpVM0UYhK4427fwHNT5k3dgbUrAeWSB0=
github.com/oneplus1000/pkcs7 v0.0.1/go.mod h1:Zd6aYl/45qO1ecXSL1pSL+x1UK0YhQeFHtrlKhFDK0A=
github.com/oneplus1000/pkcs7 v0.0.2 h1:lgOURA+shjDkCI3LBIqR5LlyF4W48Bntp+/jhSRzc5E=
github.com/oneplus1000/pkcs7 v0.0.2/go.mod h1:Zd6aYl/45qO1ecXSL1pSL+x1UK0YhQeFHtrlKhFDK0A=
